
Microsoft Visual Studio Solution File, Format Version 12.00
# Visual Studio Version 16
VisualStudioVersion = 16.0.32126.315
MinimumVisualStudioVersion = 10.0.40219.1
Project("{9A19103F-16F7-4668-BE54-9A1E7A4F7556}") = "Noon", "Noon\Noon.csproj", "{F5AE17CE-2284-4F8A-BFA6-AA7DB4C79364}"
EndProject
Project("{FAE04EC0-301F-11D3-BF4B-00C04F79EFBC}") = "DBData", "DBData\DBData.csproj", "{70099399-5BE5-4F3A-87F0-10358BB5C5AD}"
EndProject
Project("{FAE04EC0-301F-11D3-BF4B-00C04F79EFBC}") = "Model", "Model\Model.csproj", "{84E3AD0B-2E20-4636-B130-D09E7BDC7551}"
EndProject
Project("{FAE04EC0-301F-11D3-BF4B-00C04F79EFBC}") = "Repository", "Repository\Repository.csproj", "{1DB1D1E1-10F4-40A4-84A8-81C000A9A28E}"
EndProject
Project("{FAE04EC0-301F-11D3-BF4B-00C04F79EFBC}") = "ViewModel", "ViewModel\ViewModel.csproj", "{EF1FA43A-3652-4EA8-9C68-B0CDD8A65EE8}"
EndProject
Global
	GlobalSection(SolutionConfigurationPlatforms) = preSolution
		Debug|Any CPU = Debug|Any CPU
		Release|Any CPU = Release|Any CPU
	EndGlobalSection
	GlobalSection(ProjectConfigurationPlatforms) = postSolution
		{F5AE17CE-2284-4F8A-BFA6-AA7DB4C79364}.Debug|Any CPU.ActiveCfg = Debug|Any CPU
		{F5AE17CE-2284-4F8A-BFA6-AA7DB4C79364}.Debug|Any CPU.Build.0 = Debug|Any CPU
		{F5AE17CE-2284-4F8A-BFA6-AA7DB4C79364}.Release|Any CPU.ActiveCfg = Release|Any CPU
		{F5AE17CE-2284-4F8A-BFA6-AA7DB4C79364}.Release|Any CPU.Build.0 = Release|Any CPU
		{70099399-5BE5-4F3A-87F0-10358BB5C5AD}.Debug|Any CPU.ActiveCfg = Debug|Any CPU
		{70099399-5BE5-4F3A-87F0-10358BB5C5AD}.Debug|Any CPU.Build.0 = Debug|Any CPU
		{70099399-5BE5-4F3A-87F0-10358BB5C5AD}.Release|Any CPU.ActiveCfg = Release|Any CPU
		{70099399-5BE5-4F3A-87F0-10358BB5C5AD}.Release|Any CPU.Build.0 = Release|Any CPU
		{84E3AD0B-2E20-4636-B130-D09E7BDC7551}.Debug|Any CPU.ActiveCfg = Debug|Any CPU
		{84E3AD0B-2E20-4636-B130-D09E7BDC7551}.Debug|Any CPU.Build.0 = Debug|Any CPU
		{84E3AD0B-2E20-4636-B130-D09E7BDC7551}.Release|Any CPU.ActiveCfg = Release|Any CPU
		{84E3AD0B-2E20-4636-B130-D09E7BDC7551}.Release|Any CPU.Build.0 = Release|Any CPU
		{1DB1D1E1-10F4-40A4-84A8-81C000A9A28E}.Debug|Any CPU.ActiveCfg = Debug|Any CPU
		{1DB1D1E1-10F4-40A4-84A8-81C000A9A28E}.Debug|Any CPU.Build.0 = Debug|Any CPU
		{1DB1D1E1-10F4-40A4-84A8-81C000A9A28E}.Release|Any CPU.ActiveCfg = Release|Any CPU
		{1DB1D1E1-10F4-40A4-84A8-81C000A9A28E}.Release|Any CPU.Build.0 = Release|Any CPU
		{EF1FA43A-3652-4EA8-9C68-B0CDD8A65EE8}.Debug|Any CPU.ActiveCfg = Debug|Any CPU
		{EF1FA43A-3652-4EA8-9C68-B0CDD8A65EE8}.Debug|Any CPU.Build.0 = Debug|Any CPU
		{EF1FA43A-3652-4EA8-9C68-B0CDD8A65EE8}.Release|Any CPU.ActiveCfg = Release|Any CPU
		{EF1FA43A-3652-4EA8-9C68-B0CDD8A65EE8}.Release|Any CPU.Build.0 = Release|Any CPU
	EndGlobalSection
	GlobalSection(SolutionProperties) = preSolution
		HideSolutionNode = FALSE
	EndGlobalSection
	GlobalSection(ExtensibilityGlobals) = postSolution
		SolutionGuid = {C33719E1-B586-4414-A03E-F5EA4273CDAB}
	EndGlobalSection
EndGlobal
